
Microsoft Visual Studio Solution File, Format Version 12.00
# Visual Studio 15
VisualStudioVersion = 15.0.28307.1145
MinimumVisualStudioVersion = 10.0.40219.1
Project("{FAE04EC0-301F-11D3-BF4B-00C04F79EFBC}") = "b3_automation", "b3_automation\b3_automation.csproj", "{2CFDB0CA-37C9-4804-8408-199CA3596960}"
EndProject
Global
	GlobalSection(SolutionConfigurationPlatforms) = preSolution
		Debug|Any CPU = Debug|Any CPU
		Release|Any CPU = Release|Any CPU
	EndGlobalSection
	GlobalSection(ProjectConfigurationPlatforms) = postSolution
		{2CFDB0CA-37C9-4804-8408-199CA3596960}.Debug|Any CPU.ActiveCfg = Debug|Any CPU
		{2CFDB0CA-37C9-4804-8408-199CA3596960}.Debug|Any CPU.Build.0 = Debug|Any CPU
		{2CFDB0CA-37C9-4804-8408-199CA3596960}.Release|Any CPU.ActiveCfg = Release|Any CPU
		{2CFDB0CA-37C9-4804-8408-199CA3596960}.Release|Any CPU.Build.0 = Release|Any CPU
	EndGlobalSection
	GlobalSection(SolutionProperties) = preSolution
		HideSolutionNode = FALSE
	EndGlobalSection
	GlobalSection(ExtensibilityGlobals) = postSolution
		SolutionGuid = {DB704ECD-74BD-45E6-89F5-34D0D2338E93}
	EndGlobalSection
EndGlobal
